// !$*UTF8*$!
{
	archiveVersion = 1;
	classes = {
	};
	objectVersion = 46;
	objects = {

/* Begin PBXBuildFile section */
		BF1A800C1BE4F048001B4DCF /* libbgfxDebug.a in Frameworks */ = {isa = PBXBuildFile; fileRef = BFC62FED1BE4EBBF00C21B7D /* libbgfxDebug.a */; };
		BF1A800D1BE4F048001B4DCF /* libexample-commonDebug.a in Frameworks */ = {isa = PBXBuildFile; fileRef = BFC62FF31BE4EBC500C21B7D /* libexample-commonDebug.a */; };
		BF1A80171BE4FDC0001B4DCF /* core.cpp in Sources */ = {isa = PBXBuildFile; fileRef = BF1A80151BE4FDC0001B4DCF /* core.cpp */; };
		BF1A80231BE4FDD1001B4DCF /* main.cpp in Sources */ = {isa = PBXBuildFile; fileRef = BF1A80191BE4FDD1001B4DCF /* main.cpp */; };
		BF1A80241BE4FDD1001B4DCF /* material.cpp in Sources */ = {isa = PBXBuildFile; fileRef = BF1A801A1BE4FDD1001B4DCF /* material.cpp */; };
		BF1A80261BE4FDD1001B4DCF /* runner.cpp in Sources */ = {isa = PBXBuildFile; fileRef = BF1A801E1BE4FDD1001B4DCF /* runner.cpp */; };
		BF1A80451BE654FF001B4DCF /* core.cpp in Sources */ = {isa = PBXBuildFile; fileRef = BF1A80151BE4FDC0001B4DCF /* core.cpp */; };
		BF1A80471BE654FF001B4DCF /* s7tests.cpp in Sources */ = {isa = PBXBuildFile; fileRef = BF1A80291BE4FDDC001B4DCF /* s7tests.cpp */; };
		BF1A80521BE6573F001B4DCF /* s7benchmarks.cpp in Sources */ = {isa = PBXBuildFile; fileRef = BF1A80501BE656E3001B4DCF /* s7benchmarks.cpp */; };
		BF3D015B1C00D9A0008E7747 /* primitives.cpp in Sources */ = {isa = PBXBuildFile; fileRef = BF3D01591C00D9A0008E7747 /* primitives.cpp */; };
		BF3D015C1C00D9A0008E7747 /* primitives.cpp in Sources */ = {isa = PBXBuildFile; fileRef = BF3D01591C00D9A0008E7747 /* primitives.cpp */; };
		BF429E051BEF29B700E8BA80 /* genmesh.cpp in Sources */ = {isa = PBXBuildFile; fileRef = BF429E031BEF29B700E8BA80 /* genmesh.cpp */; };
		BF429E091BEFF17D00E8BA80 /* genmeshtests.cpp in Sources */ = {isa = PBXBuildFile; fileRef = BF429E061BEFE57600E8BA80 /* genmeshtests.cpp */; };
		BF429E0A1BEFF18900E8BA80 /* genmesh.cpp in Sources */ = {isa = PBXBuildFile; fileRef = BF429E031BEF29B700E8BA80 /* genmesh.cpp */; };
		BF429E0D1BF5BEB200E8BA80 /* mesh.cpp in Sources */ = {isa = PBXBuildFile; fileRef = BF429E0B1BF5BEB200E8BA80 /* mesh.cpp */; };
		BF429E0E1BF5BEFA00E8BA80 /* mesh.cpp in Sources */ = {isa = PBXBuildFile; fileRef = BF429E0B1BF5BEB200E8BA80 /* mesh.cpp */; };
		BF429E121BF6862900E8BA80 /* genmeshconverter.cpp in Sources */ = {isa = PBXBuildFile; fileRef = BF429E101BF6862900E8BA80 /* genmeshconverter.cpp */; };
		BF429E131BF6862900E8BA80 /* genmeshconverter.cpp in Sources */ = {isa = PBXBuildFile; fileRef = BF429E101BF6862900E8BA80 /* genmeshconverter.cpp */; };
		BF4309AC1C13054F001CC257 /* mesh.frag.sc in Sources */ = {isa = PBXBuildFile; fileRef = BF1A80181BE4FDD1001B4DCF /* mesh.frag.sc */; };
		BF4309B91C135854001CC257 /* mesh.vert.sc in Sources */ = {isa = PBXBuildFile; fileRef = BF1A80211BE4FDD1001B4DCF /* mesh.vert.sc */; };
		BF4309BB1C135B23001CC257 /* shaders in Resources */ = {isa = PBXBuildFile; fileRef = BF4309BA1C135B23001CC257 /* shaders */; };
		BF4309C51C18EF72001CC257 /* mat.cpp in Sources */ = {isa = PBXBuildFile; fileRef = BF4309C31C18EF72001CC257 /* mat.cpp */; };
		BF6AD4971C06E292004714B6 /* libbgfxDebug.a in Frameworks */ = {isa = PBXBuildFile; fileRef = BFC62FED1BE4EBBF00C21B7D /* libbgfxDebug.a */; };
		BF6AD4981C06E292004714B6 /* libexample-commonDebug.a in Frameworks */ = {isa = PBXBuildFile; fileRef = BFC62FF31BE4EBC500C21B7D /* libexample-commonDebug.a */; };
		BFB0E4801C0D138F001EB663 /* io.cpp in Sources */ = {isa = PBXBuildFile; fileRef = BFB0E47E1C0D138F001EB663 /* io.cpp */; };
		BFB0E4811C0D138F001EB663 /* io.cpp in Sources */ = {isa = PBXBuildFile; fileRef = BFB0E47E1C0D138F001EB663 /* io.cpp */; };
/* End PBXBuildFile section */

/* Begin PBXBuildRule section */
		BF4309AB1C13046F001CC257 /* PBXBuildRule */ = {
			isa = PBXBuildRule;
			compilerSpec = com.apple.compilers.proxy.script;
			filePatterns = "*.frag.sc";
			fileType = pattern.proxy;
			isEditable = 1;
			outputFiles = (
				"$PROJECT_DIR/assets/shaders/glsl/*.bin",
			);
			script = "bgfx/.build/osx64_clang/bin/shadercDebug -f \"$INPUT_FILE_DIR\"/\"$INPUT_FILE_NAME\" -o \"$PROJECT_DIR/assets/shaders/glsl/$INPUT_FILE_BASE.bin\" --type fragment --platform osx --varyingdef \"$INPUT_FILE_DIR\"/varying.def.sc\n";
		};
		BF4309B81C135815001CC257 /* PBXBuildRule */ = {
			isa = PBXBuildRule;
			compilerSpec = com.apple.compilers.proxy.script;
			filePatterns = "*.vert.sc";
			fileType = pattern.proxy;
			isEditable = 1;
			outputFiles = (
				"$PROJECT_DIR/assets/shaders/glsl/*.bin",
			);
			script = "bgfx/.build/osx64_clang/bin/shadercDebug -f \"$INPUT_FILE_DIR\"/\"$INPUT_FILE_NAME\" -o \"$PROJECT_DIR/assets/shaders/glsl/$INPUT_FILE_BASE.bin\" --type vertex --platform osx --varyingdef \"$INPUT_FILE_DIR\"/varying.def.sc\n";
		};
/* End PBXBuildRule section */

/* Begin PBXContainerItemProxy section */
		BF1A800E1BE4F056001B4DCF /* PBXContainerItemProxy */ = {
			isa = PBXContainerItemProxy;
			containerPortal = BFC62FE81BE4EBBF00C21B7D /* bgfx.xcodeproj */;
			proxyType = 1;
			remoteGlobalIDString = 5EB52F3E5CEB327E764F1B89;
			remoteInfo = bgfx;
		};
		BF1A80101BE4F056001B4DCF /* PBXContainerItemProxy */ = {
			isa = PBXContainerItemProxy;
			containerPortal = BFC62FEE1BE4EBC500C21B7D /* example-common.xcodeproj */;
			proxyType = 1;
			remoteGlobalIDString = 5DEF600B51DA487D1FDA09A8;
			remoteInfo = "example-common";
		};
		BF6AD4931C06E27F004714B6 /* PBXContainerItemProxy */ = {
			isa = PBXContainerItemProxy;
			containerPortal = BFC62FE81BE4EBBF00C21B7D /* bgfx.xcodeproj */;
			proxyType = 1;
			remoteGlobalIDString = 5EB52F3E5CEB327E764F1B89;
			remoteInfo = bgfx;
		};
		BF6AD4951C06E27F004714B6 /* PBXContainerItemProxy */ = {
			isa = PBXContainerItemProxy;
			containerPortal = BFC62FEE1BE4EBC500C21B7D /* example-common.xcodeproj */;
			proxyType = 1;
			remoteGlobalIDString = 5DEF600B51DA487D1FDA09A8;
			remoteInfo = "example-common";
		};
		BFC62FEC1BE4EBBF00C21B7D /* PBXContainerItemProxy */ = {
			isa = PBXContainerItemProxy;
			containerPortal = BFC62FE81BE4EBBF00C21B7D /* bgfx.xcodeproj */;
			proxyType = 2;
			remoteGlobalIDString = 67EF308F102A33AA0F2334DF;
			remoteInfo = bgfx;
		};
		BFC62FF21BE4EBC500C21B7D /* PBXContainerItemProxy */ = {
			isa = PBXContainerItemProxy;
			containerPortal = BFC62FEE1BE4EBC500C21B7D /* example-common.xcodeproj */;
			proxyType = 2;
			remoteGlobalIDString = 192A6D8A37302DFB7935007D;
			remoteInfo = "example-common";
		};
/* End PBXContainerItemProxy section */

/* Begin PBXCopyFilesBuildPhase section */
		BF1A803C1BE6548C001B4DCF /* CopyFiles */ = {
			isa = PBXCopyFilesBuildPhase;
			buildActionMask = 2147483647;
			dstPath = /usr/share/man/man1/;
			dstSubfolderSpec = 0;
			files = (
			);
			runOnlyForDeploymentPostprocessing = 1;
		};
/* End PBXCopyFilesBuildPhase section */

/* Begin PBXFileReference section */
		3C6A573719B372D8452B7C32 /* s7.app */ = {isa = PBXFileReference; explicitFileType = wrapper.application; includeInIndex = 0; path = s7.app; sourceTree = BUILT_PRODUCTS_DIR; };
		BF1A80151BE4FDC0001B4DCF /* core.cpp */ = {isa = PBXFileReference; fileEncoding = 4; lastKnownFileType = sourcecode.cpp.cpp; name = core.cpp; path = s7core/src/core.cpp; sourceTree = "<group>"; };
		BF1A80161BE4FDC0001B4DCF /* core.h */ = {isa = PBXFileReference; fileEncoding = 4; lastKnownFileType = sourcecode.c.h; name = core.h; path = s7core/src/core.h; sourceTree = "<group>"; };
		BF1A80181BE4FDD1001B4DCF /* mesh.frag.sc */ = {isa = PBXFileReference; fileEncoding = 4; lastKnownFileType = text; name = mesh.frag.sc; path = s7/src/mesh.frag.sc; sourceTree = "<group>"; };
		BF1A80191BE4FDD1001B4DCF /* main.cpp */ = {isa = PBXFileReference; fileEncoding = 4; lastKnownFileType = sourcecode.cpp.cpp; name = main.cpp; path = s7/src/main.cpp; sourceTree = "<group>"; };
		BF1A801A1BE4FDD1001B4DCF /* material.cpp */ = {isa = PBXFileReference; fileEncoding = 4; lastKnownFileType = sourcecode.cpp.cpp; name = material.cpp; path = s7/src/material.cpp; sourceTree = "<group>"; };
		BF1A801B1BE4FDD1001B4DCF /* material.h */ = {isa = PBXFileReference; fileEncoding = 4; lastKnownFileType = sourcecode.c.h; name = material.h; path = s7/src/material.h; sourceTree = "<group>"; };
		BF1A801E1BE4FDD1001B4DCF /* runner.cpp */ = {isa = PBXFileReference; fileEncoding = 4; lastKnownFileType = sourcecode.cpp.cpp; name = runner.cpp; path = s7/src/runner.cpp; sourceTree = "<group>"; };
		BF1A801F1BE4FDD1001B4DCF /* runner.h */ = {isa = PBXFileReference; fileEncoding = 4; lastKnownFileType = sourcecode.c.h; name = runner.h; path = s7/src/runner.h; sourceTree = "<group>"; };
		BF1A80201BE4FDD1001B4DCF /* varying.def.sc */ = {isa = PBXFileReference; fileEncoding = 4; lastKnownFileType = text; name = varying.def.sc; path = s7/src/varying.def.sc; sourceTree = "<group>"; };
		BF1A80211BE4FDD1001B4DCF /* mesh.vert.sc */ = {isa = PBXFileReference; fileEncoding = 4; lastKnownFileType = text; name = mesh.vert.sc; path = s7/src/mesh.vert.sc; sourceTree = "<group>"; };
		BF1A80291BE4FDDC001B4DCF /* s7tests.cpp */ = {isa = PBXFileReference; fileEncoding = 4; lastKnownFileType = sourcecode.cpp.cpp; name = s7tests.cpp; path = s7tests/src/s7tests.cpp; sourceTree = "<group>"; };
		BF1A803E1BE6548C001B4DCF /* s7test */ = {isa = PBXFileReference; explicitFileType = "compiled.mach-o.executable"; includeInIndex = 0; path = s7test; sourceTree = BUILT_PRODUCTS_DIR; };
		BF1A80501BE656E3001B4DCF /* s7benchmarks.cpp */ = {isa = PBXFileReference; fileEncoding = 4; lastKnownFileType = sourcecode.cpp.cpp; name = s7benchmarks.cpp; path = s7tests/src/s7benchmarks.cpp; sourceTree = "<group>"; };
		BF1A80541BE8021E001B4DCF /* catch.hpp */ = {isa = PBXFileReference; fileEncoding = 4; lastKnownFileType = sourcecode.cpp.h; name = catch.hpp; path = third/include/catch.hpp; sourceTree = "<group>"; };
		BF1A80551BE8021E001B4DCF /* chrono_io.hpp */ = {isa = PBXFileReference; fileEncoding = 4; lastKnownFileType = sourcecode.cpp.h; name = chrono_io.hpp; path = third/include/chrono_io.hpp; sourceTree = "<group>"; };
		BF1A80561BE8021E001B4DCF /* ratio_io.hpp */ = {isa = PBXFileReference; fileEncoding = 4; lastKnownFileType = sourcecode.cpp.h; name = ratio_io.hpp; path = third/include/ratio_io.hpp; sourceTree = "<group>"; };
		BF3D01591C00D9A0008E7747 /* primitives.cpp */ = {isa = PBXFileReference; fileEncoding = 4; lastKnownFileType = sourcecode.cpp.cpp; name = primitives.cpp; path = s7core/src/primitives.cpp; sourceTree = "<group>"; };
		BF3D015A1C00D9A0008E7747 /* primitives.h */ = {isa = PBXFileReference; fileEncoding = 4; lastKnownFileType = sourcecode.c.h; name = primitives.h; path = s7core/src/primitives.h; sourceTree = "<group>"; };
		BF429E031BEF29B700E8BA80 /* genmesh.cpp */ = {isa = PBXFileReference; fileEncoding = 4; lastKnownFileType = sourcecode.cpp.cpp; name = genmesh.cpp; path = s7core/src/genmesh.cpp; sourceTree = "<group>"; };
		BF429E041BEF29B700E8BA80 /* genmesh.h */ = {isa = PBXFileReference; fileEncoding = 4; lastKnownFileType = sourcecode.c.h; name = genmesh.h; path = s7core/src/genmesh.h; sourceTree = "<group>"; };
		BF429E061BEFE57600E8BA80 /* genmeshtests.cpp */ = {isa = PBXFileReference; fileEncoding = 4; lastKnownFileType = sourcecode.cpp.cpp; name = genmeshtests.cpp; path = s7tests/src/genmeshtests.cpp; sourceTree = "<group>"; };
		BF429E0B1BF5BEB200E8BA80 /* mesh.cpp */ = {isa = PBXFileReference; fileEncoding = 4; lastKnownFileType = sourcecode.cpp.cpp; name = mesh.cpp; path = s7core/src/mesh.cpp; sourceTree = "<group>"; };
		BF429E0C1BF5BEB200E8BA80 /* mesh.h */ = {isa = PBXFileReference; fileEncoding = 4; lastKnownFileType = sourcecode.c.h; name = mesh.h; path = s7core/src/mesh.h; sourceTree = "<group>"; };
		BF429E101BF6862900E8BA80 /* genmeshconverter.cpp */ = {isa = PBXFileReference; fileEncoding = 4; lastKnownFileType = sourcecode.cpp.cpp; name = genmeshconverter.cpp; path = s7core/src/genmeshconverter.cpp; sourceTree = "<group>"; };
		BF429E111BF6862900E8BA80 /* genmeshconverter.h */ = {isa = PBXFileReference; fileEncoding = 4; lastKnownFileType = sourcecode.c.h; name = genmeshconverter.h; path = s7core/src/genmeshconverter.h; sourceTree = "<group>"; };
		BF4309BA1C135B23001CC257 /* shaders */ = {isa = PBXFileReference; lastKnownFileType = folder; name = shaders; path = assets/shaders; sourceTree = "<group>"; };
		BF4309C31C18EF72001CC257 /* mat.cpp */ = {isa = PBXFileReference; fileEncoding = 4; lastKnownFileType = sourcecode.cpp.cpp; name = mat.cpp; path = s7core/src/mat.cpp; sourceTree = "<group>"; };
		BF4309C41C18EF72001CC257 /* mat.h */ = {isa = PBXFileReference; fileEncoding = 4; lastKnownFileType = sourcecode.c.h; name = mat.h; path = s7core/src/mat.h; sourceTree = "<group>"; };
		BFB0E47E1C0D138F001EB663 /* io.cpp */ = {isa = PBXFileReference; fileEncoding = 4; lastKnownFileType = sourcecode.cpp.cpp; name = io.cpp; path = s7core/src/io.cpp; sourceTree = "<group>"; };
		BFB0E47F1C0D138F001EB663 /* io.h */ = {isa = PBXFileReference; fileEncoding = 4; lastKnownFileType = sourcecode.c.h; name = io.h; path = s7core/src/io.h; sourceTree = "<group>"; };
		BFC62FE81BE4EBBF00C21B7D /* bgfx.xcodeproj */ = {isa = PBXFileReference; lastKnownFileType = "wrapper.pb-project"; name = bgfx.xcodeproj; path = "bgfx/.build/projects/xcode4-osx/bgfx.xcodeproj"; sourceTree = "<group>"; };
		BFC62FEE1BE4EBC500C21B7D /* example-common.xcodeproj */ = {isa = PBXFileReference; lastKnownFileType = "wrapper.pb-project"; name = "example-common.xcodeproj"; path = "bgfx/.build/projects/xcode4-osx/example-common.xcodeproj"; sourceTree = "<group>"; };
/* End PBXFileReference section */

/* Begin PBXFrameworksBuildPhase section */
		200620BB171A0ADE1B0D4953 /* Frameworks */ = {
			isa = PBXFrameworksBuildPhase;
			buildActionMask = 2147483647;
			files = (
				BF1A800C1BE4F048001B4DCF /* libbgfxDebug.a in Frameworks */,
				BF1A800D1BE4F048001B4DCF /* libexample-commonDebug.a in Frameworks */,
			);
			runOnlyForDeploymentPostprocessing = 0;
		};
		BF1A803B1BE6548C001B4DCF /* Frameworks */ = {
			isa = PBXFrameworksBuildPhase;
			buildActionMask = 2147483647;
			files = (
				BF6AD4971C06E292004714B6 /* libbgfxDebug.a in Frameworks */,
				BF6AD4981C06E292004714B6 /* libexample-commonDebug.a in Frameworks */,
			);
			runOnlyForDeploymentPostprocessing = 0;
		};
/* End PBXFrameworksBuildPhase section */

/* Begin PBXGroup section */
		28F4183720E11FD901282985 /* example-04-mesh */ = {
			isa = PBXGroup;
			children = (
				BF4309BC1C135B29001CC257 /* assets */,
				BF429DFF1BEBF95E00E8BA80 /* shaders */,
				BF1A80131BE4FD95001B4DCF /* core */,
				BF429E0F1BF685C600E8BA80 /* core2 */,
				BF1A80141BE4FDA3001B4DCF /* tests */,
				BF1A80121BE4FD8B001B4DCF /* s7 */,
				BF1A80531BE8020F001B4DCF /* third */,
				33EC2073479654CD404C48BF /* Products */,
				7E52275D0E47769C010B3156 /* External References */,
			);
			name = "example-04-mesh";
			sourceTree = "<group>";
		};
		33EC2073479654CD404C48BF /* Products */ = {
			isa = PBXGroup;
			children = (
				3C6A573719B372D8452B7C32 /* s7.app */,
				BF1A803E1BE6548C001B4DCF /* s7test */,
			);
			name = Products;
			sourceTree = "<group>";
		};
		7E52275D0E47769C010B3156 /* External References */ = {
			isa = PBXGroup;
			children = (
				BFC62FE81BE4EBBF00C21B7D /* bgfx.xcodeproj */,
				BFC62FEE1BE4EBC500C21B7D /* example-common.xcodeproj */,
			);
			name = "External References";
			sourceTree = "<group>";
		};
		BF1A80121BE4FD8B001B4DCF /* s7 */ = {
			isa = PBXGroup;
			children = (
				BF1A80191BE4FDD1001B4DCF /* main.cpp */,
				BF1A801A1BE4FDD1001B4DCF /* material.cpp */,
				BF1A801B1BE4FDD1001B4DCF /* material.h */,
				BF1A801E1BE4FDD1001B4DCF /* runner.cpp */,
				BF1A801F1BE4FDD1001B4DCF /* runner.h */,
			);
			name = s7;
			sourceTree = "<group>";
		};
		BF1A80131BE4FD95001B4DCF /* core */ = {
			isa = PBXGroup;
			children = (
				BF4309C31C18EF72001CC257 /* mat.cpp */,
				BF4309C41C18EF72001CC257 /* mat.h */,
				BF1A80151BE4FDC0001B4DCF /* core.cpp */,
				BF1A80161BE4FDC0001B4DCF /* core.h */,
				BFB0E47E1C0D138F001EB663 /* io.cpp */,
				BFB0E47F1C0D138F001EB663 /* io.h */,
				BF429E031BEF29B700E8BA80 /* genmesh.cpp */,
				BF429E041BEF29B700E8BA80 /* genmesh.h */,
				BF3D01591C00D9A0008E7747 /* primitives.cpp */,
				BF3D015A1C00D9A0008E7747 /* primitives.h */,
			);
			name = core;
			sourceTree = "<group>";
		};
		BF1A80141BE4FDA3001B4DCF /* tests */ = {
			isa = PBXGroup;
			children = (
				BF1A80291BE4FDDC001B4DCF /* s7tests.cpp */,
				BF1A80501BE656E3001B4DCF /* s7benchmarks.cpp */,
				BF429E061BEFE57600E8BA80 /* genmeshtests.cpp */,
			);
			name = tests;
			sourceTree = "<group>";
		};
		BF1A80531BE8020F001B4DCF /* third */ = {
			isa = PBXGroup;
			children = (
				BF1A80541BE8021E001B4DCF /* catch.hpp */,
				BF1A80551BE8021E001B4DCF /* chrono_io.hpp */,
				BF1A80561BE8021E001B4DCF /* ratio_io.hpp */,
			);
			name = third;
			sourceTree = "<group>";
		};
		BF429DFF1BEBF95E00E8BA80 /* shaders */ = {
			isa = PBXGroup;
			children = (
				BF1A80211BE4FDD1001B4DCF /* mesh.vert.sc */,
				BF1A80181BE4FDD1001B4DCF /* mesh.frag.sc */,
				BF1A80201BE4FDD1001B4DCF /* varying.def.sc */,
			);
			name = shaders;
			sourceTree = "<group>";
		};
		BF429E0F1BF685C600E8BA80 /* core2 */ = {
			isa = PBXGroup;
			children = (
				BF429E0B1BF5BEB200E8BA80 /* mesh.cpp */,
				BF429E0C1BF5BEB200E8BA80 /* mesh.h */,
				BF429E101BF6862900E8BA80 /* genmeshconverter.cpp */,
				BF429E111BF6862900E8BA80 /* genmeshconverter.h */,
			);
			name = core2;
			sourceTree = "<group>";
		};
		BF4309BC1C135B29001CC257 /* assets */ = {
			isa = PBXGroup;
			children = (
				BF4309BA1C135B23001CC257 /* shaders */,
			);
			name = assets;
			sourceTree = "<group>";
		};
		BFC62FE91BE4EBBF00C21B7D /* Products */ = {
			isa = PBXGroup;
			children = (
				BFC62FED1BE4EBBF00C21B7D /* libbgfxDebug.a */,
			);
			name = Products;
			sourceTree = "<group>";
		};
		BFC62FEF1BE4EBC500C21B7D /* Products */ = {
			isa = PBXGroup;
			children = (
				BFC62FF31BE4EBC500C21B7D /* libexample-commonDebug.a */,
			);
			name = Products;
			sourceTree = "<group>";
		};
/* End PBXGroup section */

/* Begin PBXNativeTarget section */
		386A67FE2601007654261470 /* s7 */ = {
			isa = PBXNativeTarget;
			buildConfigurationList = 4AC06F19429500FD62A9673E /* Build configuration list for PBXNativeTarget "s7" */;
			buildPhases = (
				595E11661E325C8C34B15B7C /* Sources */,
				200620BB171A0ADE1B0D4953 /* Frameworks */,
				BF4309AF1C1352FE001CC257 /* Resources */,
			);
			buildRules = (
				BF4309B81C135815001CC257 /* PBXBuildRule */,
				BF4309AB1C13046F001CC257 /* PBXBuildRule */,
			);
			dependencies = (
				BF1A800F1BE4F056001B4DCF /* PBXTargetDependency */,
				BF1A80111BE4F056001B4DCF /* PBXTargetDependency */,
			);
			name = s7;
			productInstallPath = "$(HOME)/Applications";
			productName = "example-04-mesh";
			productReference = 3C6A573719B372D8452B7C32 /* s7.app */;
			productType = "com.apple.product-type.application";
		};
		BF1A803D1BE6548C001B4DCF /* s7test */ = {
			isa = PBXNativeTarget;
			buildConfigurationList = BF1A80441BE6548C001B4DCF /* Build configuration list for PBXNativeTarget "s7test" */;
			buildPhases = (
				BF1A803A1BE6548C001B4DCF /* Sources */,
				BF1A803B1BE6548C001B4DCF /* Frameworks */,
				BF1A803C1BE6548C001B4DCF /* CopyFiles */,
			);
			buildRules = (
			);
			dependencies = (
				BF6AD4941C06E27F004714B6 /* PBXTargetDependency */,
				BF6AD4961C06E27F004714B6 /* PBXTargetDependency */,
			);
			name = s7test;
			productName = s7test;
			productReference = BF1A803E1BE6548C001B4DCF /* s7test */;
			productType = "com.apple.product-type.tool";
		};
/* End PBXNativeTarget section */

/* Begin PBXProject section */
		08FB7793FE84155DC02AAC07 /* Project object */ = {
			isa = PBXProject;
			attributes = {
				LastUpgradeCheck = 0710;
				TargetAttributes = {
					BF1A803D1BE6548C001B4DCF = {
						CreatedOnToolsVersion = 7.1;
					};
				};
			};
			buildConfigurationList = 1DEB928908733DD80010E9CD /* Build configuration list for PBXProject "s7" */;
			compatibilityVersion = "Xcode 3.2";
			developmentRegion = English;
			hasScannedForEncodings = 1;
			knownRegions = (
				en,
			);
			mainGroup = 28F4183720E11FD901282985 /* example-04-mesh */;
			projectDirPath = "";
			projectReferences = (
				{
					ProductGroup = BFC62FE91BE4EBBF00C21B7D /* Products */;
					ProjectRef = BFC62FE81BE4EBBF00C21B7D /* bgfx.xcodeproj */;
				},
				{
					ProductGroup = BFC62FEF1BE4EBC500C21B7D /* Products */;
					ProjectRef = BFC62FEE1BE4EBC500C21B7D /* example-common.xcodeproj */;
				},
			);
			projectRoot = "";
			targets = (
				386A67FE2601007654261470 /* s7 */,
				BF1A803D1BE6548C001B4DCF /* s7test */,
			);
		};
/* End PBXProject section */

/* Begin PBXReferenceProxy section */
		BFC62FED1BE4EBBF00C21B7D /* libbgfxDebug.a */ = {
			isa = PBXReferenceProxy;
			fileType = archive.ar;
			path = libbgfxDebug.a;
			remoteRef = BFC62FEC1BE4EBBF00C21B7D /* PBXContainerItemProxy */;
			sourceTree = BUILT_PRODUCTS_DIR;
		};
		BFC62FF31BE4EBC500C21B7D /* libexample-commonDebug.a */ = {
			isa = PBXReferenceProxy;
			fileType = archive.ar;
			path = "libexample-commonDebug.a";
			remoteRef = BFC62FF21BE4EBC500C21B7D /* PBXContainerItemProxy */;
			sourceTree = BUILT_PRODUCTS_DIR;
		};
/* End PBXReferenceProxy section */

/* Begin PBXResourcesBuildPhase section */
		BF4309AF1C1352FE001CC257 /* Resources */ = {
			isa = PBXResourcesBuildPhase;
			buildActionMask = 2147483647;
			files = (
				BF4309BB1C135B23001CC257 /* shaders in Resources */,
			);
			runOnlyForDeploymentPostprocessing = 0;
		};
/* End PBXResourcesBuildPhase section */

/* Begin PBXSourcesBuildPhase section */
		595E11661E325C8C34B15B7C /* Sources */ = {
			isa = PBXSourcesBuildPhase;
			buildActionMask = 2147483647;
			files = (
				BF4309B91C135854001CC257 /* mesh.vert.sc in Sources */,
				BF4309AC1C13054F001CC257 /* mesh.frag.sc in Sources */,
				BF1A80241BE4FDD1001B4DCF /* material.cpp in Sources */,
				BF1A80171BE4FDC0001B4DCF /* core.cpp in Sources */,
				BFB0E4801C0D138F001EB663 /* io.cpp in Sources */,
				BF429E051BEF29B700E8BA80 /* genmesh.cpp in Sources */,
				BF429E121BF6862900E8BA80 /* genmeshconverter.cpp in Sources */,
				BF1A80231BE4FDD1001B4DCF /* main.cpp in Sources */,
				BF429E0D1BF5BEB200E8BA80 /* mesh.cpp in Sources */,
				BF1A80261BE4FDD1001B4DCF /* runner.cpp in Sources */,
				BF3D015B1C00D9A0008E7747 /* primitives.cpp in Sources */,
			);
			runOnlyForDeploymentPostprocessing = 0;
		};
		BF1A803A1BE6548C001B4DCF /* Sources */ = {
			isa = PBXSourcesBuildPhase;
			buildActionMask = 2147483647;
			files = (
				BF1A80451BE654FF001B4DCF /* core.cpp in Sources */,
				BF429E0A1BEFF18900E8BA80 /* genmesh.cpp in Sources */,
				BF429E0E1BF5BEFA00E8BA80 /* mesh.cpp in Sources */,
				BF3D015C1C00D9A0008E7747 /* primitives.cpp in Sources */,
				BF4309C51C18EF72001CC257 /* mat.cpp in Sources */,
				BFB0E4811C0D138F001EB663 /* io.cpp in Sources */,
				BF1A80471BE654FF001B4DCF /* s7tests.cpp in Sources */,
				BF429E091BEFF17D00E8BA80 /* genmeshtests.cpp in Sources */,
				BF429E131BF6862900E8BA80 /* genmeshconverter.cpp in Sources */,
				BF1A80521BE6573F001B4DCF /* s7benchmarks.cpp in Sources */,
			);
			runOnlyForDeploymentPostprocessing = 0;
		};
/* End PBXSourcesBuildPhase section */

/* Begin PBXTargetDependency section */
		BF1A800F1BE4F056001B4DCF /* PBXTargetDependency */ = {
			isa = PBXTargetDependency;
			name = bgfx;
			targetProxy = BF1A800E1BE4F056001B4DCF /* PBXContainerItemProxy */;
		};
		BF1A80111BE4F056001B4DCF /* PBXTargetDependency */ = {
			isa = PBXTargetDependency;
			name = "example-common";
			targetProxy = BF1A80101BE4F056001B4DCF /* PBXContainerItemProxy */;
		};
		BF6AD4941C06E27F004714B6 /* PBXTargetDependency */ = {
			isa = PBXTargetDependency;
			name = bgfx;
			targetProxy = BF6AD4931C06E27F004714B6 /* PBXContainerItemProxy */;
		};
		BF6AD4961C06E27F004714B6 /* PBXTargetDependency */ = {
			isa = PBXTargetDependency;
			name = "example-common";
			targetProxy = BF6AD4951C06E27F004714B6 /* PBXContainerItemProxy */;
		};
/* End PBXTargetDependency section */

/* Begin XCBuildConfiguration section */
		13CC64A07A76010450535B6E /* Release */ = {
			isa = XCBuildConfiguration;
			buildSettings = {
				ALWAYS_SEARCH_USER_PATHS = NO;
				CLANG_CXX_LANGUAGE_STANDARD = "c++14";
				CLANG_CXX_LIBRARY = "libc++";
				COMBINE_HIDPI_IMAGES = YES;
				CONFIGURATION_BUILD_DIR = osx_universal/bin;
				GCC_DYNAMIC_NO_PIC = NO;
				GCC_MODEL_TUNING = G5;
				GCC_PREPROCESSOR_DEFINITIONS = (
					"BX_CONFIG_ENABLE_MSVC_LEVEL4_WARNINGS=1",
					__STDC_LIMIT_MACROS,
					__STDC_FORMAT_MACROS,
					__STDC_CONSTANT_MACROS,
				);
				HEADER_SEARCH_PATHS = (
					bx/include/compat/osx,
					bx/include,
					bgfx/include,
					bgfx/3rdparty,
					bgfx/examples/common,
					third/include,
				);
				INSTALL_PATH = "$(HOME)/Applications";
				LIBRARY_SEARCH_PATHS = (
					"$(inherited)",
					"$(PROJECT_DIR)/chibi-scheme",
				);
				OBJROOT = osx_universal/bin/Universal/Release/s7;
				PRODUCT_NAME = s7;
				SYMROOT = osx_universal/bin;
			};
			name = Release;
		};
		1BB867262CC47E120833173A /* Debug */ = {
			isa = XCBuildConfiguration;
			buildSettings = {
				CONFIGURATION_BUILD_DIR = "$(SYMROOT)";
				CONFIGURATION_TEMP_DIR = "$(OBJROOT)";
				COPY_PHASE_STRIP = NO;
				ENABLE_TESTABILITY = YES;
				GCC_C_LANGUAGE_STANDARD = gnu99;
				GCC_ENABLE_CPP_EXCEPTIONS = NO;
				GCC_ENABLE_CPP_RTTI = NO;
				GCC_ENABLE_OBJC_EXCEPTIONS = NO;
				GCC_OPTIMIZATION_LEVEL = 0;
				GCC_PREPROCESSOR_DEFINITIONS = (
					"BX_CONFIG_ENABLE_MSVC_LEVEL4_WARNINGS=1",
					__STDC_LIMIT_MACROS,
					__STDC_FORMAT_MACROS,
					__STDC_CONSTANT_MACROS,
				);
				GCC_SYMBOLS_PRIVATE_EXTERN = NO;
				GCC_WARN_ABOUT_RETURN_TYPE = YES;
				GCC_WARN_UNUSED_VARIABLE = YES;
				HEADER_SEARCH_PATHS = (
					bx/include/compat/osx,
					bx/include,
					bgfx/include,
					bgfx/3rdparty,
					bgfx/examples/common,
				);
				OBJROOT = osx_universal/bin/Universal/Debug/s7;
				ONLY_ACTIVE_ARCH = YES;
				OTHER_CFLAGS = (
					"-Wshadow",
					"-Wfatal-errors",
					"-msse2",
					"-Wunused-value",
					"-Wundef",
				);
				OTHER_LDFLAGS = (
					"-framework",
					Cocoa,
					"-framework",
					Metal,
					"-framework",
					QuartzCore,
					"-framework",
					OpenGL,
				);
				SDKROOT = macosx;
				STANDARD_C_PLUS_PLUS_LIBRARY_TYPE = static;
				SYMROOT = osx_universal/bin;
			};
			name = Debug;
		};
		22BB5C0E71440D8B2B402E6A /* Debug */ = {
			isa = XCBuildConfiguration;
			buildSettings = {
				ALWAYS_SEARCH_USER_PATHS = NO;
				CLANG_CXX_LANGUAGE_STANDARD = "c++14";
				CLANG_CXX_LIBRARY = "libc++";
				COMBINE_HIDPI_IMAGES = YES;
				CONFIGURATION_BUILD_DIR = osx_universal/bin;
				GCC_DYNAMIC_NO_PIC = NO;
				GCC_MODEL_TUNING = G5;
				GCC_PREPROCESSOR_DEFINITIONS = (
					"BX_CONFIG_ENABLE_MSVC_LEVEL4_WARNINGS=1",
					__STDC_LIMIT_MACROS,
					__STDC_FORMAT_MACROS,
					__STDC_CONSTANT_MACROS,
				);
				HEADER_SEARCH_PATHS = (
					bx/include/compat/osx,
					bx/include,
					bgfx/include,
					bgfx/3rdparty,
					bgfx/examples/common,
					third/include,
				);
				INSTALL_PATH = "$(HOME)/Applications";
				LIBRARY_SEARCH_PATHS = (
					"$(inherited)",
					"$(PROJECT_DIR)/chibi-scheme",
				);
				OBJROOT = osx_universal/bin/Universal/Debug/s7;
				PRODUCT_NAME = s7;
				SYMROOT = osx_universal/bin;
			};
			name = Debug;
		};
		46202B6419280D883B132167 /* Release */ = {
			isa = XCBuildConfiguration;
			buildSettings = {
				CONFIGURATION_BUILD_DIR = "$(SYMROOT)";
				CONFIGURATION_TEMP_DIR = "$(OBJROOT)";
				COPY_PHASE_STRIP = NO;
				GCC_C_LANGUAGE_STANDARD = gnu99;
				GCC_ENABLE_CPP_EXCEPTIONS = NO;
				GCC_ENABLE_CPP_RTTI = NO;
				GCC_ENABLE_OBJC_EXCEPTIONS = NO;
				GCC_OPTIMIZATION_LEVEL = 3;
				GCC_PREPROCESSOR_DEFINITIONS = (
					"BX_CONFIG_ENABLE_MSVC_LEVEL4_WARNINGS=1",
					__STDC_LIMIT_MACROS,
					__STDC_FORMAT_MACROS,
					__STDC_CONSTANT_MACROS,
				);
				GCC_SYMBOLS_PRIVATE_EXTERN = NO;
				GCC_WARN_ABOUT_RETURN_TYPE = YES;
				GCC_WARN_UNUSED_VARIABLE = YES;
				HEADER_SEARCH_PATHS = (
					bx/include/compat/osx,
					bx/include,
					bgfx/include,
					bgfx/3rdparty,
					bgfx/examples/common,
				);
				OBJROOT = osx_universal/bin/Universal/Release/s7;
				ONLY_ACTIVE_ARCH = NO;
				OTHER_CFLAGS = (
					"-Wshadow",
					"-Wfatal-errors",
					"-msse2",
					"-Wunused-value",
					"-Wundef",
				);
				OTHER_LDFLAGS = (
					"-framework",
					Cocoa,
					"-framework",
					Metal,
					"-framework",
					QuartzCore,
					"-framework",
					OpenGL,
				);
				SDKROOT = macosx;
				STANDARD_C_PLUS_PLUS_LIBRARY_TYPE = static;
				SYMROOT = osx_universal/bin;
			};
			name = Release;
		};
		BF1A80421BE6548C001B4DCF /* Debug */ = {
			isa = XCBuildConfiguration;
			buildSettings = {
				ALWAYS_SEARCH_USER_PATHS = NO;
				CLANG_CXX_LANGUAGE_STANDARD = "gnu++0x";
				CLANG_CXX_LIBRARY = "libc++";
				CLANG_ENABLE_MODULES = YES;
				CLANG_ENABLE_OBJC_ARC = YES;
				CLANG_WARN_BOOL_CONVERSION = YES;
				CLANG_WARN_CONSTANT_CONVERSION = YES;
				CLANG_WARN_DIRECT_OBJC_ISA_USAGE = YES_ERROR;
				CLANG_WARN_EMPTY_BODY = YES;
				CLANG_WARN_ENUM_CONVERSION = YES;
				CLANG_WARN_INT_CONVERSION = YES;
				CLANG_WARN_OBJC_ROOT_CLASS = YES_ERROR;
				CLANG_WARN_UNREACHABLE_CODE = YES;
				CLANG_WARN__DUPLICATE_METHOD_MATCH = YES;
				CODE_SIGN_IDENTITY = "-";
				DEBUG_INFORMATION_FORMAT = dwarf;
				ENABLE_STRICT_OBJC_MSGSEND = YES;
				GCC_DYNAMIC_NO_PIC = NO;
				GCC_ENABLE_CPP_EXCEPTIONS = YES;
				GCC_NO_COMMON_BLOCKS = YES;
				GCC_PREPROCESSOR_DEFINITIONS = (
					"DEBUG=1",
					"$(inherited)",
				);
				GCC_WARN_64_TO_32_BIT_CONVERSION = YES;
				GCC_WARN_ABOUT_RETURN_TYPE = YES_ERROR;
				GCC_WARN_UNDECLARED_SELECTOR = YES;
				GCC_WARN_UNINITIALIZED_AUTOS = YES_AGGRESSIVE;
				GCC_WARN_UNUSED_FUNCTION = YES;
				HEADER_SEARCH_PATHS = (
					bx/include/compat/osx,
					bx/include,
					bgfx/include,
					bgfx/3rdparty,
					bgfx/examples/common,
					third/include,
				);
				MACOSX_DEPLOYMENT_TARGET = 10.11;
				MTL_ENABLE_DEBUG_INFO = YES;
				OTHER_LDFLAGS = (
					"-framework",
					Cocoa,
					"-framework",
					Metal,
					"-framework",
					QuartzCore,
					"-framework",
					OpenGL,
				);
				PRODUCT_NAME = "$(TARGET_NAME)";
			};
			name = Debug;
		};
		BF1A80431BE6548C001B4DCF /* Release */ = {
			isa = XCBuildConfiguration;
			buildSettings = {
				ALWAYS_SEARCH_USER_PATHS = NO;
				CLANG_CXX_LANGUAGE_STANDARD = "gnu++0x";
				CLANG_CXX_LIBRARY = "libc++";
				CLANG_ENABLE_MODULES = YES;
				CLANG_ENABLE_OBJC_ARC = YES;
				CLANG_WARN_BOOL_CONVERSION = YES;
				CLANG_WARN_CONSTANT_CONVERSION = YES;
				CLANG_WARN_DIRECT_OBJC_ISA_USAGE = YES_ERROR;
				CLANG_WARN_EMPTY_BODY = YES;
				CLANG_WARN_ENUM_CONVERSION = YES;
				CLANG_WARN_INT_CONVERSION = YES;
				CLANG_WARN_OBJC_ROOT_CLASS = YES_ERROR;
				CLANG_WARN_UNREACHABLE_CODE = YES;
				CLANG_WARN__DUPLICATE_METHOD_MATCH = YES;
				CODE_SIGN_IDENTITY = "-";
				DEBUG_INFORMATION_FORMAT = "dwarf-with-dsym";
				ENABLE_NS_ASSERTIONS = NO;
				ENABLE_STRICT_OBJC_MSGSEND = YES;
				GCC_ENABLE_CPP_EXCEPTIONS = YES;
				GCC_NO_COMMON_BLOCKS = YES;
				GCC_WARN_64_TO_32_BIT_CONVERSION = YES;
				GCC_WARN_ABOUT_RETURN_TYPE = YES_ERROR;
				GCC_WARN_UNDECLARED_SELECTOR = YES;
				GCC_WARN_UNINITIALIZED_AUTOS = YES_AGGRESSIVE;
				GCC_WARN_UNUSED_FUNCTION = YES;
				HEADER_SEARCH_PATHS = (
					bx/include/compat/osx,
					bx/include,
					bgfx/include,
					bgfx/3rdparty,
					bgfx/examples/common,
					third/include,
				);
				MACOSX_DEPLOYMENT_TARGET = 10.11;
				MTL_ENABLE_DEBUG_INFO = NO;
				OTHER_LDFLAGS = (
					"-framework",
					Cocoa,
					"-framework",
					Metal,
					"-framework",
					QuartzCore,
					"-framework",
					OpenGL,
				);
				PRODUCT_NAME = "$(TARGET_NAME)";
			};
			name = Release;
		};
/* End XCBuildConfiguration section */

/* Begin XCConfigurationList section */
		1DEB928908733DD80010E9CD /* Build configuration list for PBXProject "s7" */ = {
			isa = XCConfigurationList;
			buildConfigurations = (
				1BB867262CC47E120833173A /* Debug */,
				46202B6419280D883B132167 /* Release */,
			);
			defaultConfigurationIsVisible = 0;
			defaultConfigurationName = Debug;
		};
		4AC06F19429500FD62A9673E /* Build configuration list for PBXNativeTarget "s7" */ = {
			isa = XCConfigurationList;
			buildConfigurations = (
				22BB5C0E71440D8B2B402E6A /* Debug */,
				13CC64A07A76010450535B6E /* Release */,
			);
			defaultConfigurationIsVisible = 0;
			defaultConfigurationName = Debug;
		};
		BF1A80441BE6548C001B4DCF /* Build configuration list for PBXNativeTarget "s7test" */ = {
			isa = XCConfigurationList;
			buildConfigurations = (
				BF1A80421BE6548C001B4DCF /* Debug */,
				BF1A80431BE6548C001B4DCF /* Release */,
			);
			defaultConfigurationIsVisible = 0;
			defaultConfigurationName = Debug;
		};
/* End XCConfigurationList section */
	};
	rootObject = 08FB7793FE84155DC02AAC07 /* Project object */;
}
